
Microsoft Visual Studio Solution File, Format Version 12.00
# Visual Studio Version 17
VisualStudioVersion = 17.11.35327.3
MinimumVisualStudioVersion = 10.0.40219.1
Project("{9A19103F-16F7-4668-BE54-9A1E7A4F7556}") = "Project01", "Project01\Project01.csproj", "{D7F4D172-B346-4977-A01E-8C524B9B836F}"
EndProject
Project("{FAE04EC0-301F-11D3-BF4B-00C04F79EFBC}") = "Project02", "Project02\Project02.csproj", "{57FDD343-BD04-4F55-AC9A-C629D62675E9}"
EndProject
Global
	GlobalSection(SolutionConfigurationPlatforms) = preSolution
		Debug|Any CPU = Debug|Any CPU
		Release|Any CPU = Release|Any CPU
	EndGlobalSection
	GlobalSection(ProjectConfigurationPlatforms) = postSolution
		{D7F4D172-B346-4977-A01E-8C524B9B836F}.Debug|Any CPU.ActiveCfg = Debug|Any CPU
		{D7F4D172-B346-4977-A01E-8C524B9B836F}.Debug|Any CPU.Build.0 = Debug|Any CPU
		{D7F4D172-B346-4977-A01E-8C524B9B836F}.Release|Any CPU.ActiveCfg = Release|Any CPU
		{D7F4D172-B346-4977-A01E-8C524B9B836F}.Release|Any CPU.Build.0 = Release|Any CPU
		{57FDD343-BD04-4F55-AC9A-C629D62675E9}.Debug|Any CPU.ActiveCfg = Debug|Any CPU
		{57FDD343-BD04-4F55-AC9A-C629D62675E9}.Debug|Any CPU.Build.0 = Debug|Any CPU
		{57FDD343-BD04-4F55-AC9A-C629D62675E9}.Release|Any CPU.ActiveCfg = Release|Any CPU
		{57FDD343-BD04-4F55-AC9A-C629D62675E9}.Release|Any CPU.Build.0 = Release|Any CPU
	EndGlobalSection
	GlobalSection(SolutionProperties) = preSolution
		HideSolutionNode = FALSE
	EndGlobalSection
	GlobalSection(ExtensibilityGlobals) = postSolution
		SolutionGuid = {3F55A2A4-F879-485E-A5EE-79729043901C}
	EndGlobalSection
EndGlobal
